{
    "_meta": {
        "hash": {
            "sha256": "a3f27b401bf5574c092d85cc4445deaf95c16b9af3b385466cb5cc07d1e63bc9"
        },
        "pipfile-spec": 6,
        "requires": {
            "python_version": "3.6"
        },
        "sources": [
            {
                "name": "pypi",
                "url": "https://pypi.org/simple",
                "verify_ssl": true
            }
        ]
    },
    "default": {
        "confusable-homoglyphs": {
            "hashes": [
                "sha256:3b4a0d9fa510669498820c91a0bfc0c327568cecec90648cf3819d4a6fc6a751",
                "sha256:e3ce611028d882b74a5faa69e3cbb5bd4dcd9f69936da6e73d33eda42c917944"
            ],
            "version": "==3.2.0"
        },
        "django": {
            "hashes": [
                "sha256:a3b01cdff845a43830d7ccacff55e0b8ff08305a4cbf894517a686e53ba3ad2d",
                "sha256:b33ce35f47f745fea6b5aa3cf3f4241069803a3712d423ac748bd673a39741eb"
            ],
            "index": "pypi",
            "version": "==1.11.28"
        },
        "django-bootstrap3": {
            "hashes": [
                "sha256:760f8664a15f9e1e6e0495265cebd3d4c65b1026e93e476e8322f10e1375f0b8",
                "sha256:d161d23824fc2f43c18449285961b994fc3fe620d782b13240e382a7b233344a"
            ],
            "index": "pypi",
            "version": "==12.0.3"
        },
        "django-crispy-forms": {
            "hashes": [
                "sha256:50032184708ce351e3c9f0008ac35d659d9d5973fa2db218066f2e0a76eb41d9",
                "sha256:67e73ac863d3159500029fbbcdcb788f287a3fd357becebc1a0b51f73896dce3"
            ],
            "index": "pypi",
            "version": "==1.9.0"
        },
        "django-registration": {
            "hashes": [
                "sha256:667b4fb49447227b62ff76693697d77acb85cadb87129fd1cb94481971e76c51",
                "sha256:d446eec9dbab12f5a98baa1af6c1db08b56b66eec047dbadf8bec09ce2787a95"
            ],
            "index": "pypi",
            "version": "==2.4.1"
        },
        "pytz": {
            "hashes": [
                "sha256:1c557d7d0e871de1f5ccd5833f60fb2550652da6be2693c1e02300743d21500d",
                "sha256:b02c06db6cf09c12dd25137e563b31700d3b80fcc4ad23abb7a315f2789819be"
            ],
            "version": "==2019.3"
        }
    },
    "develop": {}
}
